
Microsoft Visual Studio Solution File, Format Version 12.00
# Visual Studio Version 17
VisualStudioVersion = 17.2.32602.215
MinimumVisualStudioVersion = 10.0.40219.1
Project("{2150E333-8FDC-42A3-9474-1A3956D46DE8}") = "src", "src", "{0F6F01F8-A3BA-4884-89D5-B7141DDA79CA}"
EndProject
Project("{2150E333-8FDC-42A3-9474-1A3956D46DE8}") = "api", "api", "{0D1213BA-F29F-452D-9E3F-3EFF4FC293E7}"
EndProject
Project("{2150E333-8FDC-42A3-9474-1A3956D46DE8}") = "Core", "Core", "{EBE70445-1C33-4647-8C8B-DB32AE41D802}"
EndProject
Project("{2150E333-8FDC-42A3-9474-1A3956D46DE8}") = "Infrastructure", "Infrastructure", "{BD72A6F5-28F3-4EAA-88BD-A6850E55E960}"
EndProject
Project("{2150E333-8FDC-42A3-9474-1A3956D46DE8}") = "WebApi", "WebApi", "{86DF4BAC-4CBC-46EF-AAEC-51709594EC70}"
EndProject
Project("{FAE04EC0-301F-11D3-BF4B-00C04F79EFBC}") = "Odws.Api.Application", "Api\Core\Odws.Api.Application\Odws.Api.Application.csproj", "{0BD7946C-411E-475C-B7EE-8BFF092771C4}"
EndProject
Project("{FAE04EC0-301F-11D3-BF4B-00C04F79EFBC}") = "Odws.Api.Domain", "Api\Core\Odws.Api.Domain\Odws.Api.Domain.csproj", "{35835B86-1459-40A4-BB49-78C6AF9841DD}"
EndProject
Project("{FAE04EC0-301F-11D3-BF4B-00C04F79EFBC}") = "Odws.Infrastructure.Persistence", "..\Odws.Infrastructure.Persistence\Odws.Infrastructure.Persistence.csproj", "{93EEDC69-DAA9-4CFC-B7B6-A3181988DE7B}"
EndProject
Project("{9A19103F-16F7-4668-BE54-9A1E7A4F7556}") = "Odws", "Api\WebApi\Odws.csproj", "{7477A03C-6BAB-43A8-9D6E-04B36F0BB5BC}"
EndProject
Global
	GlobalSection(SolutionConfigurationPlatforms) = preSolution
		Debug|Any CPU = Debug|Any CPU
		Release|Any CPU = Release|Any CPU
	EndGlobalSection
	GlobalSection(ProjectConfigurationPlatforms) = postSolution
		{0BD7946C-411E-475C-B7EE-8BFF092771C4}.Debug|Any CPU.ActiveCfg = Debug|Any CPU
		{0BD7946C-411E-475C-B7EE-8BFF092771C4}.Debug|Any CPU.Build.0 = Debug|Any CPU
		{0BD7946C-411E-475C-B7EE-8BFF092771C4}.Release|Any CPU.ActiveCfg = Release|Any CPU
		{0BD7946C-411E-475C-B7EE-8BFF092771C4}.Release|Any CPU.Build.0 = Release|Any CPU
		{35835B86-1459-40A4-BB49-78C6AF9841DD}.Debug|Any CPU.ActiveCfg = Debug|Any CPU
		{35835B86-1459-40A4-BB49-78C6AF9841DD}.Debug|Any CPU.Build.0 = Debug|Any CPU
		{35835B86-1459-40A4-BB49-78C6AF9841DD}.Release|Any CPU.ActiveCfg = Release|Any CPU
		{35835B86-1459-40A4-BB49-78C6AF9841DD}.Release|Any CPU.Build.0 = Release|Any CPU
		{93EEDC69-DAA9-4CFC-B7B6-A3181988DE7B}.Debug|Any CPU.ActiveCfg = Debug|Any CPU
		{93EEDC69-DAA9-4CFC-B7B6-A3181988DE7B}.Debug|Any CPU.Build.0 = Debug|Any CPU
		{93EEDC69-DAA9-4CFC-B7B6-A3181988DE7B}.Release|Any CPU.ActiveCfg = Release|Any CPU
		{93EEDC69-DAA9-4CFC-B7B6-A3181988DE7B}.Release|Any CPU.Build.0 = Release|Any CPU
		{7477A03C-6BAB-43A8-9D6E-04B36F0BB5BC}.Debug|Any CPU.ActiveCfg = Debug|Any CPU
		{7477A03C-6BAB-43A8-9D6E-04B36F0BB5BC}.Debug|Any CPU.Build.0 = Debug|Any CPU
		{7477A03C-6BAB-43A8-9D6E-04B36F0BB5BC}.Release|Any CPU.ActiveCfg = Release|Any CPU
		{7477A03C-6BAB-43A8-9D6E-04B36F0BB5BC}.Release|Any CPU.Build.0 = Release|Any CPU
	EndGlobalSection
	GlobalSection(SolutionProperties) = preSolution
		HideSolutionNode = FALSE
	EndGlobalSection
	GlobalSection(NestedProjects) = preSolution
		{0D1213BA-F29F-452D-9E3F-3EFF4FC293E7} = {0F6F01F8-A3BA-4884-89D5-B7141DDA79CA}
		{EBE70445-1C33-4647-8C8B-DB32AE41D802} = {0D1213BA-F29F-452D-9E3F-3EFF4FC293E7}
		{BD72A6F5-28F3-4EAA-88BD-A6850E55E960} = {0D1213BA-F29F-452D-9E3F-3EFF4FC293E7}
		{86DF4BAC-4CBC-46EF-AAEC-51709594EC70} = {0D1213BA-F29F-452D-9E3F-3EFF4FC293E7}
		{0BD7946C-411E-475C-B7EE-8BFF092771C4} = {EBE70445-1C33-4647-8C8B-DB32AE41D802}
		{35835B86-1459-40A4-BB49-78C6AF9841DD} = {EBE70445-1C33-4647-8C8B-DB32AE41D802}
		{93EEDC69-DAA9-4CFC-B7B6-A3181988DE7B} = {BD72A6F5-28F3-4EAA-88BD-A6850E55E960}
		{7477A03C-6BAB-43A8-9D6E-04B36F0BB5BC} = {86DF4BAC-4CBC-46EF-AAEC-51709594EC70}
	EndGlobalSection
	GlobalSection(ExtensibilityGlobals) = postSolution
		SolutionGuid = {A362396C-B5F0-4164-9B01-7B71C59BC1B0}
	EndGlobalSection
EndGlobal
